
Microsoft Visual Studio Solution File, Format Version 12.00
# Visual Studio Version 17
VisualStudioVersion = 17.5.33424.131
MinimumVisualStudioVersion = 10.0.40219.1
Project("{9A19103F-16F7-4668-BE54-9A1E7A4F7556}") = "Demo-Variables", "Demo-Variables\Demo-Variables.csproj", "{432EEB79-053B-4F02-A1E2-A51DD736D502}"
EndProject
Project("{9A19103F-16F7-4668-BE54-9A1E7A4F7556}") = "Exo01", "Exo01\Exo01.csproj", "{192032B5-085F-4E38-8BEB-734FF0F847DF}"
EndProject
Project("{FAE04EC0-301F-11D3-BF4B-00C04F79EFBC}") = "Demo-Conversion", "Demo-Conversion\Demo-Conversion.csproj", "{444613D1-0388-493A-80A6-E4988A70C621}"
EndProject
Project("{FAE04EC0-301F-11D3-BF4B-00C04F79EFBC}") = "Exo02", "Exo02\Exo02.csproj", "{CCDECC7B-AB0F-4867-AE03-AFDB0D790506}"
EndProject
Global
	GlobalSection(SolutionConfigurationPlatforms) = preSolution
		Debug|Any CPU = Debug|Any CPU
		Release|Any CPU = Release|Any CPU
	EndGlobalSection
	GlobalSection(ProjectConfigurationPlatforms) = postSolution
		{432EEB79-053B-4F02-A1E2-A51DD736D502}.Debug|Any CPU.ActiveCfg = Debug|Any CPU
		{432EEB79-053B-4F02-A1E2-A51DD736D502}.Debug|Any CPU.Build.0 = Debug|Any CPU
		{432EEB79-053B-4F02-A1E2-A51DD736D502}.Release|Any CPU.ActiveCfg = Release|Any CPU
		{432EEB79-053B-4F02-A1E2-A51DD736D502}.Release|Any CPU.Build.0 = Release|Any CPU
		{192032B5-085F-4E38-8BEB-734FF0F847DF}.Debug|Any CPU.ActiveCfg = Debug|Any CPU
		{192032B5-085F-4E38-8BEB-734FF0F847DF}.Debug|Any CPU.Build.0 = Debug|Any CPU
		{192032B5-085F-4E38-8BEB-734FF0F847DF}.Release|Any CPU.ActiveCfg = Release|Any CPU
		{192032B5-085F-4E38-8BEB-734FF0F847DF}.Release|Any CPU.Build.0 = Release|Any CPU
		{444613D1-0388-493A-80A6-E4988A70C621}.Debug|Any CPU.ActiveCfg = Debug|Any CPU
		{444613D1-0388-493A-80A6-E4988A70C621}.Debug|Any CPU.Build.0 = Debug|Any CPU
		{444613D1-0388-493A-80A6-E4988A70C621}.Release|Any CPU.ActiveCfg = Release|Any CPU
		{444613D1-0388-493A-80A6-E4988A70C621}.Release|Any CPU.Build.0 = Release|Any CPU
		{CCDECC7B-AB0F-4867-AE03-AFDB0D790506}.Debug|Any CPU.ActiveCfg = Debug|Any CPU
		{CCDECC7B-AB0F-4867-AE03-AFDB0D790506}.Debug|Any CPU.Build.0 = Debug|Any CPU
		{CCDECC7B-AB0F-4867-AE03-AFDB0D790506}.Release|Any CPU.ActiveCfg = Release|Any CPU
		{CCDECC7B-AB0F-4867-AE03-AFDB0D790506}.Release|Any CPU.Build.0 = Release|Any CPU
	EndGlobalSection
	GlobalSection(SolutionProperties) = preSolution
		HideSolutionNode = FALSE
	EndGlobalSection
	GlobalSection(ExtensibilityGlobals) = postSolution
		SolutionGuid = {57554669-7E7E-47B6-AE9A-7F5DFE2A4079}
	EndGlobalSection
EndGlobal
