
Microsoft Visual Studio Solution File, Format Version 12.00
# Visual Studio Version 17
VisualStudioVersion = 17.5.33424.131
MinimumVisualStudioVersion = 10.0.40219.1
Project("{9A19103F-16F7-4668-BE54-9A1E7A4F7556}") = "Demo-Variables", "Demo-Variables\Demo-Variables.csproj", "{432EEB79-053B-4F02-A1E2-A51DD736D502}"
EndProject
Project("{9A19103F-16F7-4668-BE54-9A1E7A4F7556}") = "Exo01", "Exo01\Exo01.csproj", "{192032B5-085F-4E38-8BEB-734FF0F847DF}"
EndProject
Project("{9A19103F-16F7-4668-BE54-9A1E7A4F7556}") = "Demo-Conversion", "Demo-Conversion\Demo-Conversion.csproj", "{444613D1-0388-493A-80A6-E4988A70C621}"
EndProject
Project("{9A19103F-16F7-4668-BE54-9A1E7A4F7556}") = "Exo02", "Exo02\Exo02.csproj", "{CCDECC7B-AB0F-4867-AE03-AFDB0D790506}"
EndProject
Project("{9A19103F-16F7-4668-BE54-9A1E7A4F7556}") = "Demo-Conditionnel", "Demo-Conditionnel\Demo-Conditionnel.csproj", "{E45E37CC-2555-4729-82D9-4E246FBA2DD8}"
EndProject
Project("{9A19103F-16F7-4668-BE54-9A1E7A4F7556}") = "Exo03", "Exo03\Exo03.csproj", "{58E87BEA-9519-4695-95EA-B14DB61D2A52}"
EndProject
Project("{9A19103F-16F7-4668-BE54-9A1E7A4F7556}") = "ExoBonus01", "ExoBonus01\ExoBonus01.csproj", "{20E57C1E-CDF2-4C8F-B8E3-1DCA6B0D6E2C}"
EndProject
Project("{9A19103F-16F7-4668-BE54-9A1E7A4F7556}") = "Demo-Operateurs", "Demo-Operateurs\Demo-Operateurs.csproj", "{7EF88CFD-858A-4555-B537-1AC041D3D5F1}"
EndProject
Project("{9A19103F-16F7-4668-BE54-9A1E7A4F7556}") = "Exo04", "Exo04\Exo04.csproj", "{C5E2CFC3-DAE6-4971-95C0-C598ACC11A62}"
EndProject
Project("{9A19103F-16F7-4668-BE54-9A1E7A4F7556}") = "Demo-Substring", "Demo-Substring\Demo-Substring.csproj", "{20BC9D92-5E7D-457A-9981-6927AA3449F6}"
EndProject
Project("{9A19103F-16F7-4668-BE54-9A1E7A4F7556}") = "Exo05-BBAN", "Exo05-BBAN\Exo05-BBAN.csproj", "{FEC3FEFE-8A05-417B-8F79-46DEB2D06CAC}"
EndProject
Project("{9A19103F-16F7-4668-BE54-9A1E7A4F7556}") = "Exo06-IBAN", "Exo06-IBAN\Exo06-IBAN.csproj", "{C58771FB-3356-47A6-BCC1-602E25CC86CC}"
EndProject
Project("{9A19103F-16F7-4668-BE54-9A1E7A4F7556}") = "Demo-Boucles", "Demo-Boucles\Demo-Boucles.csproj", "{8D0E956D-502D-4B2B-B342-44BB32C97C43}"
EndProject
Project("{9A19103F-16F7-4668-BE54-9A1E7A4F7556}") = "Exo07 - BoucleA", "Exo07 - BoucleA\Exo07 - BoucleA.csproj", "{04ACB5A5-F95E-4AC3-8B75-93403730A56C}"
EndProject
Project("{9A19103F-16F7-4668-BE54-9A1E7A4F7556}") = "Exo08-MotDePasse", "Exo08-MotDePasse\Exo08-MotDePasse.csproj", "{80989208-3F81-459D-8E5D-72E001CF70E3}"
EndProject
Project("{9A19103F-16F7-4668-BE54-9A1E7A4F7556}") = "Exo09-TableMultiplication", "Exo09-TableMultiplication\Exo09-TableMultiplication.csproj", "{AFF93863-F6CA-4B25-9841-5A0925BBA159}"
EndProject
Project("{9A19103F-16F7-4668-BE54-9A1E7A4F7556}") = "Demo-Random", "Demo-Random\Demo-Random.csproj", "{0257D2D3-7022-4206-8639-C8DE20B6B17D}"
EndProject
Project("{9A19103F-16F7-4668-BE54-9A1E7A4F7556}") = "Exo10-PlusOuMoins01", "Exo10-PlusOuMoins01\Exo10-PlusOuMoins01.csproj", "{AB387A39-DED3-4972-9C3D-25A80C4A1244}"
EndProject
Project("{9A19103F-16F7-4668-BE54-9A1E7A4F7556}") = "Exo11-PlusOuMoins02", "Exo11-PlusOuMoins02\Exo11-PlusOuMoins02.csproj", "{82032ACA-61BA-44C4-8E9B-3979384B8F54}"
EndProject
Project("{9A19103F-16F7-4668-BE54-9A1E7A4F7556}") = "Demo-Array", "Demo-Array\Demo-Array.csproj", "{B306C308-8928-4A63-B699-3D76D9C17ACE}"
EndProject
Project("{9A19103F-16F7-4668-BE54-9A1E7A4F7556}") = "Demo-Collections", "Demo-Collections\Demo-Collections.csproj", "{F784E5E8-6FC5-4607-8363-1897F0160494}"
EndProject
Project("{9A19103F-16F7-4668-BE54-9A1E7A4F7556}") = "Demo-TableauScore", "Demo-TableauScore\Demo-TableauScore.csproj", "{115DBD71-D082-4831-AD15-9EB1FD559A70}"
EndProject
Project("{FAE04EC0-301F-11D3-BF4B-00C04F79EFBC}") = "ExoTab-02", "ExoTab-02\ExoTab-02.csproj", "{81B5FAAD-2675-487F-ABFE-E84298833A51}"
EndProject
Global
	GlobalSection(SolutionConfigurationPlatforms) = preSolution
		Debug|Any CPU = Debug|Any CPU
		Release|Any CPU = Release|Any CPU
	EndGlobalSection
	GlobalSection(ProjectConfigurationPlatforms) = postSolution
		{432EEB79-053B-4F02-A1E2-A51DD736D502}.Debug|Any CPU.ActiveCfg = Debug|Any CPU
		{432EEB79-053B-4F02-A1E2-A51DD736D502}.Debug|Any CPU.Build.0 = Debug|Any CPU
		{432EEB79-053B-4F02-A1E2-A51DD736D502}.Release|Any CPU.ActiveCfg = Release|Any CPU
		{432EEB79-053B-4F02-A1E2-A51DD736D502}.Release|Any CPU.Build.0 = Release|Any CPU
		{192032B5-085F-4E38-8BEB-734FF0F847DF}.Debug|Any CPU.ActiveCfg = Debug|Any CPU
		{192032B5-085F-4E38-8BEB-734FF0F847DF}.Debug|Any CPU.Build.0 = Debug|Any CPU
		{192032B5-085F-4E38-8BEB-734FF0F847DF}.Release|Any CPU.ActiveCfg = Release|Any CPU
		{192032B5-085F-4E38-8BEB-734FF0F847DF}.Release|Any CPU.Build.0 = Release|Any CPU
		{444613D1-0388-493A-80A6-E4988A70C621}.Debug|Any CPU.ActiveCfg = Debug|Any CPU
		{444613D1-0388-493A-80A6-E4988A70C621}.Debug|Any CPU.Build.0 = Debug|Any CPU
		{444613D1-0388-493A-80A6-E4988A70C621}.Release|Any CPU.ActiveCfg = Release|Any CPU
		{444613D1-0388-493A-80A6-E4988A70C621}.Release|Any CPU.Build.0 = Release|Any CPU
		{CCDECC7B-AB0F-4867-AE03-AFDB0D790506}.Debug|Any CPU.ActiveCfg = Debug|Any CPU
		{CCDECC7B-AB0F-4867-AE03-AFDB0D790506}.Debug|Any CPU.Build.0 = Debug|Any CPU
		{CCDECC7B-AB0F-4867-AE03-AFDB0D790506}.Release|Any CPU.ActiveCfg = Release|Any CPU
		{CCDECC7B-AB0F-4867-AE03-AFDB0D790506}.Release|Any CPU.Build.0 = Release|Any CPU
		{E45E37CC-2555-4729-82D9-4E246FBA2DD8}.Debug|Any CPU.ActiveCfg = Debug|Any CPU
		{E45E37CC-2555-4729-82D9-4E246FBA2DD8}.Debug|Any CPU.Build.0 = Debug|Any CPU
		{E45E37CC-2555-4729-82D9-4E246FBA2DD8}.Release|Any CPU.ActiveCfg = Release|Any CPU
		{E45E37CC-2555-4729-82D9-4E246FBA2DD8}.Release|Any CPU.Build.0 = Release|Any CPU
		{58E87BEA-9519-4695-95EA-B14DB61D2A52}.Debug|Any CPU.ActiveCfg = Debug|Any CPU
		{58E87BEA-9519-4695-95EA-B14DB61D2A52}.Debug|Any CPU.Build.0 = Debug|Any CPU
		{58E87BEA-9519-4695-95EA-B14DB61D2A52}.Release|Any CPU.ActiveCfg = Release|Any CPU
		{58E87BEA-9519-4695-95EA-B14DB61D2A52}.Release|Any CPU.Build.0 = Release|Any CPU
		{20E57C1E-CDF2-4C8F-B8E3-1DCA6B0D6E2C}.Debug|Any CPU.ActiveCfg = Debug|Any CPU
		{20E57C1E-CDF2-4C8F-B8E3-1DCA6B0D6E2C}.Debug|Any CPU.Build.0 = Debug|Any CPU
		{20E57C1E-CDF2-4C8F-B8E3-1DCA6B0D6E2C}.Release|Any CPU.ActiveCfg = Release|Any CPU
		{20E57C1E-CDF2-4C8F-B8E3-1DCA6B0D6E2C}.Release|Any CPU.Build.0 = Release|Any CPU
		{7EF88CFD-858A-4555-B537-1AC041D3D5F1}.Debug|Any CPU.ActiveCfg = Debug|Any CPU
		{7EF88CFD-858A-4555-B537-1AC041D3D5F1}.Debug|Any CPU.Build.0 = Debug|Any CPU
		{7EF88CFD-858A-4555-B537-1AC041D3D5F1}.Release|Any CPU.ActiveCfg = Release|Any CPU
		{7EF88CFD-858A-4555-B537-1AC041D3D5F1}.Release|Any CPU.Build.0 = Release|Any CPU
		{C5E2CFC3-DAE6-4971-95C0-C598ACC11A62}.Debug|Any CPU.ActiveCfg = Debug|Any CPU
		{C5E2CFC3-DAE6-4971-95C0-C598ACC11A62}.Debug|Any CPU.Build.0 = Debug|Any CPU
		{C5E2CFC3-DAE6-4971-95C0-C598ACC11A62}.Release|Any CPU.ActiveCfg = Release|Any CPU
		{C5E2CFC3-DAE6-4971-95C0-C598ACC11A62}.Release|Any CPU.Build.0 = Release|Any CPU
		{20BC9D92-5E7D-457A-9981-6927AA3449F6}.Debug|Any CPU.ActiveCfg = Debug|Any CPU
		{20BC9D92-5E7D-457A-9981-6927AA3449F6}.Debug|Any CPU.Build.0 = Debug|Any CPU
		{20BC9D92-5E7D-457A-9981-6927AA3449F6}.Release|Any CPU.ActiveCfg = Release|Any CPU
		{20BC9D92-5E7D-457A-9981-6927AA3449F6}.Release|Any CPU.Build.0 = Release|Any CPU
		{FEC3FEFE-8A05-417B-8F79-46DEB2D06CAC}.Debug|Any CPU.ActiveCfg = Debug|Any CPU
		{FEC3FEFE-8A05-417B-8F79-46DEB2D06CAC}.Debug|Any CPU.Build.0 = Debug|Any CPU
		{FEC3FEFE-8A05-417B-8F79-46DEB2D06CAC}.Release|Any CPU.ActiveCfg = Release|Any CPU
		{FEC3FEFE-8A05-417B-8F79-46DEB2D06CAC}.Release|Any CPU.Build.0 = Release|Any CPU
		{C58771FB-3356-47A6-BCC1-602E25CC86CC}.Debug|Any CPU.ActiveCfg = Debug|Any CPU
		{C58771FB-3356-47A6-BCC1-602E25CC86CC}.Debug|Any CPU.Build.0 = Debug|Any CPU
		{C58771FB-3356-47A6-BCC1-602E25CC86CC}.Release|Any CPU.ActiveCfg = Release|Any CPU
		{C58771FB-3356-47A6-BCC1-602E25CC86CC}.Release|Any CPU.Build.0 = Release|Any CPU
		{8D0E956D-502D-4B2B-B342-44BB32C97C43}.Debug|Any CPU.ActiveCfg = Debug|Any CPU
		{8D0E956D-502D-4B2B-B342-44BB32C97C43}.Debug|Any CPU.Build.0 = Debug|Any CPU
		{8D0E956D-502D-4B2B-B342-44BB32C97C43}.Release|Any CPU.ActiveCfg = Release|Any CPU
		{8D0E956D-502D-4B2B-B342-44BB32C97C43}.Release|Any CPU.Build.0 = Release|Any CPU
		{04ACB5A5-F95E-4AC3-8B75-93403730A56C}.Debug|Any CPU.ActiveCfg = Debug|Any CPU
		{04ACB5A5-F95E-4AC3-8B75-93403730A56C}.Debug|Any CPU.Build.0 = Debug|Any CPU
		{04ACB5A5-F95E-4AC3-8B75-93403730A56C}.Release|Any CPU.ActiveCfg = Release|Any CPU
		{04ACB5A5-F95E-4AC3-8B75-93403730A56C}.Release|Any CPU.Build.0 = Release|Any CPU
		{80989208-3F81-459D-8E5D-72E001CF70E3}.Debug|Any CPU.ActiveCfg = Debug|Any CPU
		{80989208-3F81-459D-8E5D-72E001CF70E3}.Debug|Any CPU.Build.0 = Debug|Any CPU
		{80989208-3F81-459D-8E5D-72E001CF70E3}.Release|Any CPU.ActiveCfg = Release|Any CPU
		{80989208-3F81-459D-8E5D-72E001CF70E3}.Release|Any CPU.Build.0 = Release|Any CPU
		{AFF93863-F6CA-4B25-9841-5A0925BBA159}.Debug|Any CPU.ActiveCfg = Debug|Any CPU
		{AFF93863-F6CA-4B25-9841-5A0925BBA159}.Debug|Any CPU.Build.0 = Debug|Any CPU
		{AFF93863-F6CA-4B25-9841-5A0925BBA159}.Release|Any CPU.ActiveCfg = Release|Any CPU
		{AFF93863-F6CA-4B25-9841-5A0925BBA159}.Release|Any CPU.Build.0 = Release|Any CPU
		{0257D2D3-7022-4206-8639-C8DE20B6B17D}.Debug|Any CPU.ActiveCfg = Debug|Any CPU
		{0257D2D3-7022-4206-8639-C8DE20B6B17D}.Debug|Any CPU.Build.0 = Debug|Any CPU
		{0257D2D3-7022-4206-8639-C8DE20B6B17D}.Release|Any CPU.ActiveCfg = Release|Any CPU
		{0257D2D3-7022-4206-8639-C8DE20B6B17D}.Release|Any CPU.Build.0 = Release|Any CPU
		{AB387A39-DED3-4972-9C3D-25A80C4A1244}.Debug|Any CPU.ActiveCfg = Debug|Any CPU
		{AB387A39-DED3-4972-9C3D-25A80C4A1244}.Debug|Any CPU.Build.0 = Debug|Any CPU
		{AB387A39-DED3-4972-9C3D-25A80C4A1244}.Release|Any CPU.ActiveCfg = Release|Any CPU
		{AB387A39-DED3-4972-9C3D-25A80C4A1244}.Release|Any CPU.Build.0 = Release|Any CPU
		{82032ACA-61BA-44C4-8E9B-3979384B8F54}.Debug|Any CPU.ActiveCfg = Debug|Any CPU
		{82032ACA-61BA-44C4-8E9B-3979384B8F54}.Debug|Any CPU.Build.0 = Debug|Any CPU
		{82032ACA-61BA-44C4-8E9B-3979384B8F54}.Release|Any CPU.ActiveCfg = Release|Any CPU
		{82032ACA-61BA-44C4-8E9B-3979384B8F54}.Release|Any CPU.Build.0 = Release|Any CPU
		{B306C308-8928-4A63-B699-3D76D9C17ACE}.Debug|Any CPU.ActiveCfg = Debug|Any CPU
		{B306C308-8928-4A63-B699-3D76D9C17ACE}.Debug|Any CPU.Build.0 = Debug|Any CPU
		{B306C308-8928-4A63-B699-3D76D9C17ACE}.Release|Any CPU.ActiveCfg = Release|Any CPU
		{B306C308-8928-4A63-B699-3D76D9C17ACE}.Release|Any CPU.Build.0 = Release|Any CPU
		{F784E5E8-6FC5-4607-8363-1897F0160494}.Debug|Any CPU.ActiveCfg = Debug|Any CPU
		{F784E5E8-6FC5-4607-8363-1897F0160494}.Debug|Any CPU.Build.0 = Debug|Any CPU
		{F784E5E8-6FC5-4607-8363-1897F0160494}.Release|Any CPU.ActiveCfg = Release|Any CPU
		{F784E5E8-6FC5-4607-8363-1897F0160494}.Release|Any CPU.Build.0 = Release|Any CPU
		{115DBD71-D082-4831-AD15-9EB1FD559A70}.Debug|Any CPU.ActiveCfg = Debug|Any CPU
		{115DBD71-D082-4831-AD15-9EB1FD559A70}.Debug|Any CPU.Build.0 = Debug|Any CPU
		{115DBD71-D082-4831-AD15-9EB1FD559A70}.Release|Any CPU.ActiveCfg = Release|Any CPU
		{115DBD71-D082-4831-AD15-9EB1FD559A70}.Release|Any CPU.Build.0 = Release|Any CPU
		{81B5FAAD-2675-487F-ABFE-E84298833A51}.Debug|Any CPU.ActiveCfg = Debug|Any CPU
		{81B5FAAD-2675-487F-ABFE-E84298833A51}.Debug|Any CPU.Build.0 = Debug|Any CPU
		{81B5FAAD-2675-487F-ABFE-E84298833A51}.Release|Any CPU.ActiveCfg = Release|Any CPU
		{81B5FAAD-2675-487F-ABFE-E84298833A51}.Release|Any CPU.Build.0 = Release|Any CPU
	EndGlobalSection
	GlobalSection(SolutionProperties) = preSolution
		HideSolutionNode = FALSE
	EndGlobalSection
	GlobalSection(ExtensibilityGlobals) = postSolution
		SolutionGuid = {57554669-7E7E-47B6-AE9A-7F5DFE2A4079}
	EndGlobalSection
EndGlobal
